
Microsoft Visual Studio Solution File, Format Version 12.00
# Visual Studio Version 17
VisualStudioVersion = 17.14.36301.6
MinimumVisualStudioVersion = 10.0.40219.1
Project("{2150E333-8FDC-42A3-9474-1A3956D46DE8}") = "Task0", "Task0", "{02EA681E-C7D8-13C7-8484-4AC65E1B71E8}"
EndProject
Project("{FAE04EC0-301F-11D3-BF4B-00C04F79EFBC}") = "Tyuiu.PolyakovaAS.Sprint6.Task0.V28", "Tyuiu.PolyakovaAS.Sprint6.Task0.V28\Tyuiu.PolyakovaAS.Sprint6.Task0.V28.csproj", "{6411D387-E07A-4E6F-A222-402D66B3E701}"
EndProject
Project("{FAE04EC0-301F-11D3-BF4B-00C04F79EFBC}") = "Tyuiu.PolyakovaAS.Sprint6.Task0.V28.Lib", "Tyuiu.PolyakovaAS.Sprint6.Task0.V28.Lib\Tyuiu.PolyakovaAS.Sprint6.Task0.V28.Lib.csproj", "{050D5CAD-B554-43CB-97CC-40CBC6F4D8D5}"
EndProject
Project("{FAE04EC0-301F-11D3-BF4B-00C04F79EFBC}") = "Tyuiu.PolyakovaAS.Sprint6.Task0.V28.Test", "Tyuiu.PolyakovaAS.Sprint6.Task0.V28.Test\Tyuiu.PolyakovaAS.Sprint6.Task0.V28.Test.csproj", "{7CBB46C4-69C1-4B69-A5B3-738B98D4781A}"
EndProject
Project("{2150E333-8FDC-42A3-9474-1A3956D46DE8}") = "Task1", "Task1", "{2A02C095-FE72-4A17-8D79-0279B28A457E}"
EndProject
Project("{FAE04EC0-301F-11D3-BF4B-00C04F79EFBC}") = "Tyuiu.PolyakovaAS.Sprint6.Task1.V23", "Tyuiu.PolyakovaAS.Sprint6.Task1.V23\Tyuiu.PolyakovaAS.Sprint6.Task1.V23.csproj", "{2BEF2D98-2FA9-48A2-A789-266B1CD8F95E}"
EndProject
Project("{FAE04EC0-301F-11D3-BF4B-00C04F79EFBC}") = "Tyuiu.PolyakovaAS.Sprint6.Task1.V23.Lib", "Tyuiu.PolyakovaAS.Sprint6.Task1.V23.Lib\Tyuiu.PolyakovaAS.Sprint6.Task1.V23.Lib.csproj", "{714F3321-A0C3-4EDD-B974-0791D267E169}"
EndProject
Project("{FAE04EC0-301F-11D3-BF4B-00C04F79EFBC}") = "Tyuiu.PolyakovaAS.Sprint6.Task1.V23.Test", "Tyuiu.PolyakovaAS.Sprint6.Task1.V23.Test\Tyuiu.PolyakovaAS.Sprint6.Task1.V23.Test.csproj", "{155863A0-AD1B-468F-8397-99090A103D89}"
EndProject
Project("{2150E333-8FDC-42A3-9474-1A3956D46DE8}") = "Task3", "Task3", "{B03EF685-8C4C-40A3-BF2E-508A322849C1}"
EndProject
Project("{FAE04EC0-301F-11D3-BF4B-00C04F79EFBC}") = "Tyuiu.PolyakovaAS.Sprint6.Task3.V1", "Tyuiu.PolyakovaAS.Sprint6.Task3.V1\Tyuiu.PolyakovaAS.Sprint6.Task3.V1.csproj", "{C7617819-F8D0-4FCF-8141-917E2BD1FC76}"
EndProject
Project("{FAE04EC0-301F-11D3-BF4B-00C04F79EFBC}") = "Tyuiu.PolyakovaAS.Sprint6.Task3.V1.Lib", "Tyuiu.PolyakovaAS.Sprint6.Task3.V1.Lib\Tyuiu.PolyakovaAS.Sprint6.Task3.V1.Lib.csproj", "{AF63FC67-EA0A-49AF-92A5-A42A716011EB}"
EndProject
Project("{FAE04EC0-301F-11D3-BF4B-00C04F79EFBC}") = "Tyuiu.PolyakovaAS.Sprint6.Task3.V1.Test", "Tyuiu.PolyakovaAS.Sprint6.Task3.V1.Test\Tyuiu.PolyakovaAS.Sprint6.Task3.V1.Test.csproj", "{C724AB32-19FF-4B9A-9462-56E5B661DEFD}"
EndProject
Project("{2150E333-8FDC-42A3-9474-1A3956D46DE8}") = "Task4", "Task4", "{183BF8E1-AFD4-4177-9518-6451CA12E867}"
EndProject
Project("{FAE04EC0-301F-11D3-BF4B-00C04F79EFBC}") = "Tyuiu.PolyakovaAS.Sprint6.Task4.V19", "Tyuiu.PolyakovaAS.Sprint6.Task4.V19\Tyuiu.PolyakovaAS.Sprint6.Task4.V19.csproj", "{72BE0519-EBDF-4426-BD71-54BEBF53B4C6}"
EndProject
Project("{FAE04EC0-301F-11D3-BF4B-00C04F79EFBC}") = "Tyuiu.PolyakovaAS.Sprint6.Task4.V19.Lib", "Tyuiu.PolyakovaAS.Sprint6.Task4.V19.Lib\Tyuiu.PolyakovaAS.Sprint6.Task4.V19.Lib.csproj", "{2346B128-4144-4ED7-BAA6-0F7AC4349698}"
EndProject
Project("{FAE04EC0-301F-11D3-BF4B-00C04F79EFBC}") = "Tyuiu.PolyakovaAS.Sprint6.Task4.V19.Test", "Tyuiu.PolyakovaAS.Sprint6.Task4.V19.Test\Tyuiu.PolyakovaAS.Sprint6.Task4.V19.Test.csproj", "{463A53A6-1A5C-40F3-8D33-8168969B91A0}"
EndProject
Global
	GlobalSection(SolutionConfigurationPlatforms) = preSolution
		Debug|Any CPU = Debug|Any CPU
		Release|Any CPU = Release|Any CPU
	EndGlobalSection
	GlobalSection(ProjectConfigurationPlatforms) = postSolution
		{6411D387-E07A-4E6F-A222-402D66B3E701}.Debug|Any CPU.ActiveCfg = Debug|Any CPU
		{6411D387-E07A-4E6F-A222-402D66B3E701}.Debug|Any CPU.Build.0 = Debug|Any CPU
		{6411D387-E07A-4E6F-A222-402D66B3E701}.Release|Any CPU.ActiveCfg = Release|Any CPU
		{6411D387-E07A-4E6F-A222-402D66B3E701}.Release|Any CPU.Build.0 = Release|Any CPU
		{050D5CAD-B554-43CB-97CC-40CBC6F4D8D5}.Debug|Any CPU.ActiveCfg = Debug|Any CPU
		{050D5CAD-B554-43CB-97CC-40CBC6F4D8D5}.Debug|Any CPU.Build.0 = Debug|Any CPU
		{050D5CAD-B554-43CB-97CC-40CBC6F4D8D5}.Release|Any CPU.ActiveCfg = Release|Any CPU
		{050D5CAD-B554-43CB-97CC-40CBC6F4D8D5}.Release|Any CPU.Build.0 = Release|Any CPU
		{7CBB46C4-69C1-4B69-A5B3-738B98D4781A}.Debug|Any CPU.ActiveCfg = Debug|Any CPU
		{7CBB46C4-69C1-4B69-A5B3-738B98D4781A}.Debug|Any CPU.Build.0 = Debug|Any CPU
		{7CBB46C4-69C1-4B69-A5B3-738B98D4781A}.Release|Any CPU.ActiveCfg = Release|Any CPU
		{7CBB46C4-69C1-4B69-A5B3-738B98D4781A}.Release|Any CPU.Build.0 = Release|Any CPU
		{2BEF2D98-2FA9-48A2-A789-266B1CD8F95E}.Debug|Any CPU.ActiveCfg = Debug|Any CPU
		{2BEF2D98-2FA9-48A2-A789-266B1CD8F95E}.Debug|Any CPU.Build.0 = Debug|Any CPU
		{2BEF2D98-2FA9-48A2-A789-266B1CD8F95E}.Release|Any CPU.ActiveCfg = Release|Any CPU
		{2BEF2D98-2FA9-48A2-A789-266B1CD8F95E}.Release|Any CPU.Build.0 = Release|Any CPU
		{714F3321-A0C3-4EDD-B974-0791D267E169}.Debug|Any CPU.ActiveCfg = Debug|Any CPU
		{714F3321-A0C3-4EDD-B974-0791D267E169}.Debug|Any CPU.Build.0 = Debug|Any CPU
		{714F3321-A0C3-4EDD-B974-0791D267E169}.Release|Any CPU.ActiveCfg = Release|Any CPU
		{714F3321-A0C3-4EDD-B974-0791D267E169}.Release|Any CPU.Build.0 = Release|Any CPU
		{155863A0-AD1B-468F-8397-99090A103D89}.Debug|Any CPU.ActiveCfg = Debug|Any CPU
		{155863A0-AD1B-468F-8397-99090A103D89}.Debug|Any CPU.Build.0 = Debug|Any CPU
		{155863A0-AD1B-468F-8397-99090A103D89}.Release|Any CPU.ActiveCfg = Release|Any CPU
		{155863A0-AD1B-468F-8397-99090A103D89}.Release|Any CPU.Build.0 = Release|Any CPU
		{C7617819-F8D0-4FCF-8141-917E2BD1FC76}.Debug|Any CPU.ActiveCfg = Debug|Any CPU
		{C7617819-F8D0-4FCF-8141-917E2BD1FC76}.Debug|Any CPU.Build.0 = Debug|Any CPU
		{C7617819-F8D0-4FCF-8141-917E2BD1FC76}.Release|Any CPU.ActiveCfg = Release|Any CPU
		{C7617819-F8D0-4FCF-8141-917E2BD1FC76}.Release|Any CPU.Build.0 = Release|Any CPU
		{AF63FC67-EA0A-49AF-92A5-A42A716011EB}.Debug|Any CPU.ActiveCfg = Debug|Any CPU
		{AF63FC67-EA0A-49AF-92A5-A42A716011EB}.Debug|Any CPU.Build.0 = Debug|Any CPU
		{AF63FC67-EA0A-49AF-92A5-A42A716011EB}.Release|Any CPU.ActiveCfg = Release|Any CPU
		{AF63FC67-EA0A-49AF-92A5-A42A716011EB}.Release|Any CPU.Build.0 = Release|Any CPU
		{C724AB32-19FF-4B9A-9462-56E5B661DEFD}.Debug|Any CPU.ActiveCfg = Debug|Any CPU
		{C724AB32-19FF-4B9A-9462-56E5B661DEFD}.Debug|Any CPU.Build.0 = Debug|Any CPU
		{C724AB32-19FF-4B9A-9462-56E5B661DEFD}.Release|Any CPU.ActiveCfg = Release|Any CPU
		{C724AB32-19FF-4B9A-9462-56E5B661DEFD}.Release|Any CPU.Build.0 = Release|Any CPU
		{72BE0519-EBDF-4426-BD71-54BEBF53B4C6}.Debug|Any CPU.ActiveCfg = Debug|Any CPU
		{72BE0519-EBDF-4426-BD71-54BEBF53B4C6}.Debug|Any CPU.Build.0 = Debug|Any CPU
		{72BE0519-EBDF-4426-BD71-54BEBF53B4C6}.Release|Any CPU.ActiveCfg = Release|Any CPU
		{72BE0519-EBDF-4426-BD71-54BEBF53B4C6}.Release|Any CPU.Build.0 = Release|Any CPU
		{2346B128-4144-4ED7-BAA6-0F7AC4349698}.Debug|Any CPU.ActiveCfg = Debug|Any CPU
		{2346B128-4144-4ED7-BAA6-0F7AC4349698}.Debug|Any CPU.Build.0 = Debug|Any CPU
		{2346B128-4144-4ED7-BAA6-0F7AC4349698}.Release|Any CPU.ActiveCfg = Release|Any CPU
		{2346B128-4144-4ED7-BAA6-0F7AC4349698}.Release|Any CPU.Build.0 = Release|Any CPU
		{463A53A6-1A5C-40F3-8D33-8168969B91A0}.Debug|Any CPU.ActiveCfg = Debug|Any CPU
		{463A53A6-1A5C-40F3-8D33-8168969B91A0}.Debug|Any CPU.Build.0 = Debug|Any CPU
		{463A53A6-1A5C-40F3-8D33-8168969B91A0}.Release|Any CPU.ActiveCfg = Release|Any CPU
		{463A53A6-1A5C-40F3-8D33-8168969B91A0}.Release|Any CPU.Build.0 = Release|Any CPU
	EndGlobalSection
	GlobalSection(SolutionProperties) = preSolution
		HideSolutionNode = FALSE
	EndGlobalSection
	GlobalSection(NestedProjects) = preSolution
		{6411D387-E07A-4E6F-A222-402D66B3E701} = {02EA681E-C7D8-13C7-8484-4AC65E1B71E8}
		{050D5CAD-B554-43CB-97CC-40CBC6F4D8D5} = {02EA681E-C7D8-13C7-8484-4AC65E1B71E8}
		{7CBB46C4-69C1-4B69-A5B3-738B98D4781A} = {02EA681E-C7D8-13C7-8484-4AC65E1B71E8}
		{2BEF2D98-2FA9-48A2-A789-266B1CD8F95E} = {2A02C095-FE72-4A17-8D79-0279B28A457E}
		{714F3321-A0C3-4EDD-B974-0791D267E169} = {2A02C095-FE72-4A17-8D79-0279B28A457E}
		{155863A0-AD1B-468F-8397-99090A103D89} = {2A02C095-FE72-4A17-8D79-0279B28A457E}
		{C7617819-F8D0-4FCF-8141-917E2BD1FC76} = {B03EF685-8C4C-40A3-BF2E-508A322849C1}
		{AF63FC67-EA0A-49AF-92A5-A42A716011EB} = {B03EF685-8C4C-40A3-BF2E-508A322849C1}
		{C724AB32-19FF-4B9A-9462-56E5B661DEFD} = {B03EF685-8C4C-40A3-BF2E-508A322849C1}
		{72BE0519-EBDF-4426-BD71-54BEBF53B4C6} = {183BF8E1-AFD4-4177-9518-6451CA12E867}
		{2346B128-4144-4ED7-BAA6-0F7AC4349698} = {183BF8E1-AFD4-4177-9518-6451CA12E867}
		{463A53A6-1A5C-40F3-8D33-8168969B91A0} = {183BF8E1-AFD4-4177-9518-6451CA12E867}
	EndGlobalSection
	GlobalSection(ExtensibilityGlobals) = postSolution
		SolutionGuid = {19D2ED29-E884-4F8C-89AF-A7BD40A34686}
	EndGlobalSection
EndGlobal
